
Microsoft Visual Studio Solution File, Format Version 12.00
# Visual Studio Version 17
VisualStudioVersion = 17.0.31903.59
MinimumVisualStudioVersion = 10.0.40219.1
Project("{2150E333-8FDC-42A3-9474-1A3956D46DE8}") = "API", "API", "{D82C56D6-B2CD-F611-9E31-04638F7EC30E}"
EndProject
Project("{FAE04EC0-301F-11D3-BF4B-00C04F79EFBC}") = "AssetSphereAPI", "API\AssetSphereAPI\AssetSphereAPI.csproj", "{105590E6-A475-48B3-A479-192D171E16A4}"
EndProject
Project("{2150E333-8FDC-42A3-9474-1A3956D46DE8}") = "Domain", "Domain", "{996CEBED-A05B-5D42-3FF0-982E087A2599}"
EndProject
Project("{FAE04EC0-301F-11D3-BF4B-00C04F79EFBC}") = "AssetSphere.Domain", "Domain\AssetSphere.Domain.csproj", "{0B02D933-6C8B-45F1-9435-688A5F45A1DC}"
EndProject
Project("{2150E333-8FDC-42A3-9474-1A3956D46DE8}") = "Application", "Application", "{A74F262E-BDE7-D5D2-89E9-785413424D0A}"
EndProject
Project("{FAE04EC0-301F-11D3-BF4B-00C04F79EFBC}") = "AssetSphere.Application", "Application\AssetSphere.Application.csproj", "{E051FE21-DF2F-4724-881E-45643C73C0D3}"
EndProject
Project("{2150E333-8FDC-42A3-9474-1A3956D46DE8}") = "Infrastructure", "Infrastructure", "{DFEE68D8-A7D0-1A41-506C-9B74AA9A7B7B}"
EndProject
Project("{FAE04EC0-301F-11D3-BF4B-00C04F79EFBC}") = "AssetSphere.Infrastructure", "Infrastructure\AssetSphere.Infrastructure.csproj", "{CD1AB1BE-3AD9-4D4A-ABFB-ADC900F408B4}"
EndProject
Project("{2150E333-8FDC-42A3-9474-1A3956D46DE8}") = "Shared", "Shared", "{4F52FD11-658E-A102-6CD3-7D7C16FFA15B}"
EndProject
Project("{FAE04EC0-301F-11D3-BF4B-00C04F79EFBC}") = "AssetSphere.Shared", "Shared\AssetSphere.Shared.csproj", "{913B60A6-2EFF-4637-8641-5F1A6C1E8802}"
EndProject
Global
	GlobalSection(SolutionConfigurationPlatforms) = preSolution
		Debug|Any CPU = Debug|Any CPU
		Debug|x64 = Debug|x64
		Debug|x86 = Debug|x86
		Release|Any CPU = Release|Any CPU
		Release|x64 = Release|x64
		Release|x86 = Release|x86
	EndGlobalSection
	GlobalSection(ProjectConfigurationPlatforms) = postSolution
		{105590E6-A475-48B3-A479-192D171E16A4}.Debug|Any CPU.ActiveCfg = Debug|Any CPU
		{105590E6-A475-48B3-A479-192D171E16A4}.Debug|Any CPU.Build.0 = Debug|Any CPU
		{105590E6-A475-48B3-A479-192D171E16A4}.Debug|x64.ActiveCfg = Debug|Any CPU
		{105590E6-A475-48B3-A479-192D171E16A4}.Debug|x64.Build.0 = Debug|Any CPU
		{105590E6-A475-48B3-A479-192D171E16A4}.Debug|x86.ActiveCfg = Debug|Any CPU
		{105590E6-A475-48B3-A479-192D171E16A4}.Debug|x86.Build.0 = Debug|Any CPU
		{105590E6-A475-48B3-A479-192D171E16A4}.Release|Any CPU.ActiveCfg = Release|Any CPU
		{105590E6-A475-48B3-A479-192D171E16A4}.Release|Any CPU.Build.0 = Release|Any CPU
		{105590E6-A475-48B3-A479-192D171E16A4}.Release|x64.ActiveCfg = Release|Any CPU
		{105590E6-A475-48B3-A479-192D171E16A4}.Release|x64.Build.0 = Release|Any CPU
		{105590E6-A475-48B3-A479-192D171E16A4}.Release|x86.ActiveCfg = Release|Any CPU
		{105590E6-A475-48B3-A479-192D171E16A4}.Release|x86.Build.0 = Release|Any CPU
		{0B02D933-6C8B-45F1-9435-688A5F45A1DC}.Debug|Any CPU.ActiveCfg = Debug|Any CPU
		{0B02D933-6C8B-45F1-9435-688A5F45A1DC}.Debug|Any CPU.Build.0 = Debug|Any CPU
		{0B02D933-6C8B-45F1-9435-688A5F45A1DC}.Debug|x64.ActiveCfg = Debug|Any CPU
		{0B02D933-6C8B-45F1-9435-688A5F45A1DC}.Debug|x64.Build.0 = Debug|Any CPU
		{0B02D933-6C8B-45F1-9435-688A5F45A1DC}.Debug|x86.ActiveCfg = Debug|Any CPU
		{0B02D933-6C8B-45F1-9435-688A5F45A1DC}.Debug|x86.Build.0 = Debug|Any CPU
		{0B02D933-6C8B-45F1-9435-688A5F45A1DC}.Release|Any CPU.ActiveCfg = Release|Any CPU
		{0B02D933-6C8B-45F1-9435-688A5F45A1DC}.Release|Any CPU.Build.0 = Release|Any CPU
		{0B02D933-6C8B-45F1-9435-688A5F45A1DC}.Release|x64.ActiveCfg = Release|Any CPU
		{0B02D933-6C8B-45F1-9435-688A5F45A1DC}.Release|x64.Build.0 = Release|Any CPU
		{0B02D933-6C8B-45F1-9435-688A5F45A1DC}.Release|x86.ActiveCfg = Release|Any CPU
		{0B02D933-6C8B-45F1-9435-688A5F45A1DC}.Release|x86.Build.0 = Release|Any CPU
		{E051FE21-DF2F-4724-881E-45643C73C0D3}.Debug|Any CPU.ActiveCfg = Debug|Any CPU
		{E051FE21-DF2F-4724-881E-45643C73C0D3}.Debug|Any CPU.Build.0 = Debug|Any CPU
		{E051FE21-DF2F-4724-881E-45643C73C0D3}.Debug|x64.ActiveCfg = Debug|Any CPU
		{E051FE21-DF2F-4724-881E-45643C73C0D3}.Debug|x64.Build.0 = Debug|Any CPU
		{E051FE21-DF2F-4724-881E-45643C73C0D3}.Debug|x86.ActiveCfg = Debug|Any CPU
		{E051FE21-DF2F-4724-881E-45643C73C0D3}.Debug|x86.Build.0 = Debug|Any CPU
		{E051FE21-DF2F-4724-881E-45643C73C0D3}.Release|Any CPU.ActiveCfg = Release|Any CPU
		{E051FE21-DF2F-4724-881E-45643C73C0D3}.Release|Any CPU.Build.0 = Release|Any CPU
		{E051FE21-DF2F-4724-881E-45643C73C0D3}.Release|x64.ActiveCfg = Release|Any CPU
		{E051FE21-DF2F-4724-881E-45643C73C0D3}.Release|x64.Build.0 = Release|Any CPU
		{E051FE21-DF2F-4724-881E-45643C73C0D3}.Release|x86.ActiveCfg = Release|Any CPU
		{E051FE21-DF2F-4724-881E-45643C73C0D3}.Release|x86.Build.0 = Release|Any CPU
		{CD1AB1BE-3AD9-4D4A-ABFB-ADC900F408B4}.Debug|Any CPU.ActiveCfg = Debug|Any CPU
		{CD1AB1BE-3AD9-4D4A-ABFB-ADC900F408B4}.Debug|Any CPU.Build.0 = Debug|Any CPU
		{CD1AB1BE-3AD9-4D4A-ABFB-ADC900F408B4}.Debug|x64.ActiveCfg = Debug|Any CPU
		{CD1AB1BE-3AD9-4D4A-ABFB-ADC900F408B4}.Debug|x64.Build.0 = Debug|Any CPU
		{CD1AB1BE-3AD9-4D4A-ABFB-ADC900F408B4}.Debug|x86.ActiveCfg = Debug|Any CPU
		{CD1AB1BE-3AD9-4D4A-ABFB-ADC900F408B4}.Debug|x86.Build.0 = Debug|Any CPU
		{CD1AB1BE-3AD9-4D4A-ABFB-ADC900F408B4}.Release|Any CPU.ActiveCfg = Release|Any CPU
		{CD1AB1BE-3AD9-4D4A-ABFB-ADC900F408B4}.Release|Any CPU.Build.0 = Release|Any CPU
		{CD1AB1BE-3AD9-4D4A-ABFB-ADC900F408B4}.Release|x64.ActiveCfg = Release|Any CPU
		{CD1AB1BE-3AD9-4D4A-ABFB-ADC900F408B4}.Release|x64.Build.0 = Release|Any CPU
		{CD1AB1BE-3AD9-4D4A-ABFB-ADC900F408B4}.Release|x86.ActiveCfg = Release|Any CPU
		{CD1AB1BE-3AD9-4D4A-ABFB-ADC900F408B4}.Release|x86.Build.0 = Release|Any CPU
		{913B60A6-2EFF-4637-8641-5F1A6C1E8802}.Debug|Any CPU.ActiveCfg = Debug|Any CPU
		{913B60A6-2EFF-4637-8641-5F1A6C1E8802}.Debug|Any CPU.Build.0 = Debug|Any CPU
		{913B60A6-2EFF-4637-8641-5F1A6C1E8802}.Debug|x64.ActiveCfg = Debug|Any CPU
		{913B60A6-2EFF-4637-8641-5F1A6C1E8802}.Debug|x64.Build.0 = Debug|Any CPU
		{913B60A6-2EFF-4637-8641-5F1A6C1E8802}.Debug|x86.ActiveCfg = Debug|Any CPU
		{913B60A6-2EFF-4637-8641-5F1A6C1E8802}.Debug|x86.Build.0 = Debug|Any CPU
		{913B60A6-2EFF-4637-8641-5F1A6C1E8802}.Release|Any CPU.ActiveCfg = Release|Any CPU
		{913B60A6-2EFF-4637-8641-5F1A6C1E8802}.Release|Any CPU.Build.0 = Release|Any CPU
		{913B60A6-2EFF-4637-8641-5F1A6C1E8802}.Release|x64.ActiveCfg = Release|Any CPU
		{913B60A6-2EFF-4637-8641-5F1A6C1E8802}.Release|x64.Build.0 = Release|Any CPU
		{913B60A6-2EFF-4637-8641-5F1A6C1E8802}.Release|x86.ActiveCfg = Release|Any CPU
		{913B60A6-2EFF-4637-8641-5F1A6C1E8802}.Release|x86.Build.0 = Release|Any CPU
	EndGlobalSection
	GlobalSection(SolutionProperties) = preSolution
		HideSolutionNode = FALSE
	EndGlobalSection
	GlobalSection(NestedProjects) = preSolution
		{105590E6-A475-48B3-A479-192D171E16A4} = {D82C56D6-B2CD-F611-9E31-04638F7EC30E}
		{0B02D933-6C8B-45F1-9435-688A5F45A1DC} = {996CEBED-A05B-5D42-3FF0-982E087A2599}
		{E051FE21-DF2F-4724-881E-45643C73C0D3} = {A74F262E-BDE7-D5D2-89E9-785413424D0A}
		{CD1AB1BE-3AD9-4D4A-ABFB-ADC900F408B4} = {DFEE68D8-A7D0-1A41-506C-9B74AA9A7B7B}
		{913B60A6-2EFF-4637-8641-5F1A6C1E8802} = {4F52FD11-658E-A102-6CD3-7D7C16FFA15B}
	EndGlobalSection
EndGlobal
